
Microsoft Visual Studio Solution File, Format Version 12.00
# Visual Studio 14
VisualStudioVersion = 14.0.25420.1
MinimumVisualStudioVersion = 10.0.40219.1
Project("{2150E333-8FDC-42A3-9474-1A3956D46DE8}") = "src", "src", "{0B56FA7A-BF87-44E5-B9A1-11787EF34217}"
EndProject
Project("{2150E333-8FDC-42A3-9474-1A3956D46DE8}") = "Solution Items", "Solution Items", "{EEC3884E-C892-4476-86F3-E82FE2B9191D}"
	ProjectSection(SolutionItems) = preProject
		global.json = global.json
	EndProjectSection
EndProject
Project("{8BB2217D-0F2D-49D1-97BC-3654ED321F3B}") = "FactorioMultiplayerAdmin", "src\FactorioMultiplayerAdmin\FactorioMultiplayerAdmin.xproj", "{725AAEF2-610D-4C10-BAF0-10D069985D84}"
EndProject
Global
	GlobalSection(SolutionConfigurationPlatforms) = preSolution
		Debug|Any CPU = Debug|Any CPU
		Release|Any CPU = Release|Any CPU
	EndGlobalSection
	GlobalSection(ProjectConfigurationPlatforms) = postSolution
		{725AAEF2-610D-4C10-BAF0-10D069985D84}.Debug|Any CPU.ActiveCfg = Debug|Any CPU
		{725AAEF2-610D-4C10-BAF0-10D069985D84}.Debug|Any CPU.Build.0 = Debug|Any CPU
		{725AAEF2-610D-4C10-BAF0-10D069985D84}.Release|Any CPU.ActiveCfg = Release|Any CPU
		{725AAEF2-610D-4C10-BAF0-10D069985D84}.Release|Any CPU.Build.0 = Release|Any CPU
	EndGlobalSection
	GlobalSection(SolutionProperties) = preSolution
		HideSolutionNode = FALSE
	EndGlobalSection
	GlobalSection(NestedProjects) = preSolution
		{725AAEF2-610D-4C10-BAF0-10D069985D84} = {0B56FA7A-BF87-44E5-B9A1-11787EF34217}
	EndGlobalSection
EndGlobal
